
Microsoft Visual Studio Solution File, Format Version 12.00
# Visual Studio Version 17
VisualStudioVersion = 17.11.35208.52
MinimumVisualStudioVersion = 10.0.40219.1
Project("{FAE04EC0-301F-11D3-BF4B-00C04F79EFBC}") = "GPS tracking UDP server", "GPS tracking UDP server.csproj", "{5EF6BEE8-0D95-415F-A8DA-97F09EED7259}"
EndProject
Project("{FAE04EC0-301F-11D3-BF4B-00C04F79EFBC}") = "ClientTest", "..\ClientTest\ClientTest.csproj", "{6C52EA27-023D-4C56-AC00-5A24CCFF022B}"
EndProject
Global
	GlobalSection(SolutionConfigurationPlatforms) = preSolution
		Debug|Any CPU = Debug|Any CPU
		Release|Any CPU = Release|Any CPU
	EndGlobalSection
	GlobalSection(ProjectConfigurationPlatforms) = postSolution
		{5EF6BEE8-0D95-415F-A8DA-97F09EED7259}.Debug|Any CPU.ActiveCfg = Debug|Any CPU
		{5EF6BEE8-0D95-415F-A8DA-97F09EED7259}.Debug|Any CPU.Build.0 = Debug|Any CPU
		{5EF6BEE8-0D95-415F-A8DA-97F09EED7259}.Release|Any CPU.ActiveCfg = Release|Any CPU
		{5EF6BEE8-0D95-415F-A8DA-97F09EED7259}.Release|Any CPU.Build.0 = Release|Any CPU
		{6C52EA27-023D-4C56-AC00-5A24CCFF022B}.Debug|Any CPU.ActiveCfg = Debug|Any CPU
		{6C52EA27-023D-4C56-AC00-5A24CCFF022B}.Debug|Any CPU.Build.0 = Debug|Any CPU
		{6C52EA27-023D-4C56-AC00-5A24CCFF022B}.Release|Any CPU.ActiveCfg = Release|Any CPU
		{6C52EA27-023D-4C56-AC00-5A24CCFF022B}.Release|Any CPU.Build.0 = Release|Any CPU
	EndGlobalSection
	GlobalSection(SolutionProperties) = preSolution
		HideSolutionNode = FALSE
	EndGlobalSection
	GlobalSection(ExtensibilityGlobals) = postSolution
		SolutionGuid = {C34372A3-BC61-4BA8-935D-DE458E21B7CD}
	EndGlobalSection
EndGlobal
